
Microsoft Visual Studio Solution File, Format Version 12.00
# Visual Studio Version 17
VisualStudioVersion = 17.0.32014.148
MinimumVisualStudioVersion = 10.0.40219.1
Project("{FAE04EC0-301F-11D3-BF4B-00C04F79EFBC}") = "ConsumoApiProjetoFinal", "ConsumoApiProjetoFinal\ConsumoApiProjetoFinal.csproj", "{FEEED2F1-53FD-4AB6-BB53-EB43910BCD6A}"
EndProject
Global
	GlobalSection(SolutionConfigurationPlatforms) = preSolution
		Debug|Any CPU = Debug|Any CPU
		Release|Any CPU = Release|Any CPU
	EndGlobalSection
	GlobalSection(ProjectConfigurationPlatforms) = postSolution
		{FEEED2F1-53FD-4AB6-BB53-EB43910BCD6A}.Debug|Any CPU.ActiveCfg = Debug|Any CPU
		{FEEED2F1-53FD-4AB6-BB53-EB43910BCD6A}.Debug|Any CPU.Build.0 = Debug|Any CPU
		{FEEED2F1-53FD-4AB6-BB53-EB43910BCD6A}.Release|Any CPU.ActiveCfg = Release|Any CPU
		{FEEED2F1-53FD-4AB6-BB53-EB43910BCD6A}.Release|Any CPU.Build.0 = Release|Any CPU
	EndGlobalSection
	GlobalSection(SolutionProperties) = preSolution
		HideSolutionNode = FALSE
	EndGlobalSection
	GlobalSection(ExtensibilityGlobals) = postSolution
		SolutionGuid = {4F693D03-4D2A-4257-A638-53CF48CE0C9D}
	EndGlobalSection
EndGlobal
